Microsoft Visual Studio Solution File, Format Version 12.00
# Visual Studio Version 17
VisualStudioVersion = 17.5.2.0
MinimumVisualStudioVersion = 10.0.40219.1
Project("{FAE04EC0-301F-11D3-BF4B-00C04F79EFBC}") = "xunit3", "xunit3.csproj", "{73DA91B1-70D0-F1A4-EEF2-22F31B24152F}"
EndProject
Global
	GlobalSection(SolutionConfigurationPlatforms) = preSolution
		Debug|Any CPU = Debug|Any CPU
		Release|Any CPU = Release|Any CPU
	EndGlobalSection
	GlobalSection(ProjectConfigurationPlatforms) = postSolution
		{73DA91B1-70D0-F1A4-EEF2-22F31B24152F}.Debug|Any CPU.ActiveCfg = Debug|Any CPU
		{73DA91B1-70D0-F1A4-EEF2-22F31B24152F}.Debug|Any CPU.Build.0 = Debug|Any CPU
		{73DA91B1-70D0-F1A4-EEF2-22F31B24152F}.Release|Any CPU.ActiveCfg = Release|Any CPU
		{73DA91B1-70D0-F1A4-EEF2-22F31B24152F}.Release|Any CPU.Build.0 = Release|Any CPU
	EndGlobalSection
	GlobalSection(SolutionProperties) = preSolution
		HideSolutionNode = FALSE
	EndGlobalSection
	GlobalSection(ExtensibilityGlobals) = postSolution
		SolutionGuid = {87635C66-FB58-4EBF-9B83-0ED27DA6FEBB}
	EndGlobalSection
EndGlobal
