Microsoft Visual Studio Solution File, Format Version 12.00
# Visual Studio Version 17
VisualStudioVersion = 17.5.2.0
MinimumVisualStudioVersion = 10.0.40219.1
Project("{FAE04EC0-301F-11D3-BF4B-00C04F79EFBC}") = "xUnitV3Tests", "xUnitV3Tests.csproj", "{ADE3779C-5F57-AF3F-52BB-657D9B69BAE7}"
EndProject
Global
	GlobalSection(SolutionConfigurationPlatforms) = preSolution
		Debug|Any CPU = Debug|Any CPU
		Release|Any CPU = Release|Any CPU
	EndGlobalSection
	GlobalSection(ProjectConfigurationPlatforms) = postSolution
		{ADE3779C-5F57-AF3F-52BB-657D9B69BAE7}.Debug|Any CPU.ActiveCfg = Debug|Any CPU
		{ADE3779C-5F57-AF3F-52BB-657D9B69BAE7}.Debug|Any CPU.Build.0 = Debug|Any CPU
		{ADE3779C-5F57-AF3F-52BB-657D9B69BAE7}.Release|Any CPU.ActiveCfg = Release|Any CPU
		{ADE3779C-5F57-AF3F-52BB-657D9B69BAE7}.Release|Any CPU.Build.0 = Release|Any CPU
	EndGlobalSection
	GlobalSection(SolutionProperties) = preSolution
		HideSolutionNode = FALSE
	EndGlobalSection
	GlobalSection(ExtensibilityGlobals) = postSolution
		SolutionGuid = {3196BE6B-DDB9-4128-9550-EE9EEC016DC2}
	EndGlobalSection
EndGlobal
